// !$*UTF8*$!
{
	archiveVersion = 1;
	classes = {
	};
	objectVersion = 48;
	objects = {

/* Begin PBXBuildFile section */
		A10DC31A2053F9A800270663 /* ConversationsListViewController.swift in Sources */ = {isa = PBXBuildFile; fileRef = A10DC3192053F9A800270663 /* ConversationsListViewController.swift */; };
		A10DC3212054128200270663 /* ConversationTableViewCell.swift in Sources */ = {isa = PBXBuildFile; fileRef = A10DC3202054128200270663 /* ConversationTableViewCell.swift */; };
		A13467E6204743380087EA76 /* AppDelegate.swift in Sources */ = {isa = PBXBuildFile; fileRef = A13467E5204743380087EA76 /* AppDelegate.swift */; };
		A13467E8204743380087EA76 /* ProfileViewController.swift in Sources */ = {isa = PBXBuildFile; fileRef = A13467E7204743380087EA76 /* ProfileViewController.swift */; };
		A13467EB204743380087EA76 /* Main.storyboard in Resources */ = {isa = PBXBuildFile; fileRef = A13467E9204743380087EA76 /* Main.storyboard */; };
		A13467ED204743380087EA76 /* Assets.xcassets in Resources */ = {isa = PBXBuildFile; fileRef = A13467EC204743380087EA76 /* Assets.xcassets */; };
		A13467F0204743380087EA76 /* LaunchScreen.storyboard in Resources */ = {isa = PBXBuildFile; fileRef = A13467EE204743380087EA76 /* LaunchScreen.storyboard */; };
		A1D40CC4204EE88A00AD484D /* UIViewExtension.swift in Sources */ = {isa = PBXBuildFile; fileRef = A1D40CC3204EE88A00AD484D /* UIViewExtension.swift */; };
		D2B615D5C914451E261E2A15 /* ConversationViewController.swift in Sources */ = {isa = PBXBuildFile; fileRef = D2B616BB12F98813BDFC418B /* ConversationViewController.swift */; };
		D2B6163078D1E9F3D96DEFBB /* DateUtils.swift in Sources */ = {isa = PBXBuildFile; fileRef = D2B61449E4AFB242B643923E /* DateUtils.swift */; };
		D2B61A443A7F2A78877332F0 /* Conversation.swift in Sources */ = {isa = PBXBuildFile; fileRef = D2B6111942A001B64A2339B5 /* Conversation.swift */; };
/* End PBXBuildFile section */

/* Begin PBXFileReference section */
		A10DC3192053F9A800270663 /* ConversationsListViewController.swift */ = {isa = PBXFileReference; lastKnownFileType = sourcecode.swift; path = ConversationsListViewController.swift; sourceTree = "<group>"; };
		A10DC3202054128200270663 /* ConversationTableViewCell.swift */ = {isa = PBXFileReference; lastKnownFileType = sourcecode.swift; path = ConversationTableViewCell.swift; sourceTree = "<group>"; };
		A13467E2204743380087EA76 /* fintech.app */ = {isa = PBXFileReference; explicitFileType = wrapper.application; includeInIndex = 0; path = fintech.app; sourceTree = BUILT_PRODUCTS_DIR; };
		A13467E5204743380087EA76 /* AppDelegate.swift */ = {isa = PBXFileReference; lastKnownFileType = sourcecode.swift; path = AppDelegate.swift; sourceTree = "<group>"; };
		A13467E7204743380087EA76 /* ProfileViewController.swift */ = {isa = PBXFileReference; lastKnownFileType = sourcecode.swift; path = ProfileViewController.swift; sourceTree = "<group>"; };
		A13467EA204743380087EA76 /* Base */ = {isa = PBXFileReference; lastKnownFileType = file.storyboard; name = Base; path = Base.lproj/Main.storyboard; sourceTree = "<group>"; };
		A13467EC204743380087EA76 /* Assets.xcassets */ = {isa = PBXFileReference; lastKnownFileType = folder.assetcatalog; path = Assets.xcassets; sourceTree = "<group>"; };
		A13467EF204743380087EA76 /* Base */ = {isa = PBXFileReference; lastKnownFileType = file.storyboard; name = Base; path = Base.lproj/LaunchScreen.storyboard; sourceTree = "<group>"; };
		A13467F1204743380087EA76 /* Info.plist */ = {isa = PBXFileReference; lastKnownFileType = text.plist.xml; path = Info.plist; sourceTree = "<group>"; };
		A1D40CC3204EE88A00AD484D /* UIViewExtension.swift */ = {isa = PBXFileReference; lastKnownFileType = sourcecode.swift; path = UIViewExtension.swift; sourceTree = "<group>"; };
		D2B6111942A001B64A2339B5 /* Conversation.swift */ = {isa = PBXFileReference; fileEncoding = 4; lastKnownFileType = sourcecode.swift; path = Conversation.swift; sourceTree = "<group>"; };
		D2B61449E4AFB242B643923E /* DateUtils.swift */ = {isa = PBXFileReference; fileEncoding = 4; lastKnownFileType = sourcecode.swift; path = DateUtils.swift; sourceTree = "<group>"; };
		D2B616BB12F98813BDFC418B /* ConversationViewController.swift */ = {isa = PBXFileReference; fileEncoding = 4; lastKnownFileType = sourcecode.swift; path = ConversationViewController.swift; sourceTree = "<group>"; };
/* End PBXFileReference section */

/* Begin PBXFrameworksBuildPhase section */
		A13467DF204743380087EA76 /* Frameworks */ = {
			isa = PBXFrameworksBuildPhase;
			buildActionMask = 2147483647;
			files = (
			);
			runOnlyForDeploymentPostprocessing = 0;
		};
/* End PBXFrameworksBuildPhase section */

/* Begin PBXGroup section */
		A13467D9204743380087EA76 = {
			isa = PBXGroup;
			children = (
				A13467E4204743380087EA76 /* fintech */,
				A13467E3204743380087EA76 /* Products */,
			);
			sourceTree = "<group>";
		};
		A13467E3204743380087EA76 /* Products */ = {
			isa = PBXGroup;
			children = (
				A13467E2204743380087EA76 /* fintech.app */,
			);
			name = Products;
			sourceTree = "<group>";
		};
		A13467E4204743380087EA76 /* fintech */ = {
			isa = PBXGroup;
			children = (
				A13467E5204743380087EA76 /* AppDelegate.swift */,
				A13467E7204743380087EA76 /* ProfileViewController.swift */,
				A13467E9204743380087EA76 /* Main.storyboard */,
				A13467EC204743380087EA76 /* Assets.xcassets */,
				A13467EE204743380087EA76 /* LaunchScreen.storyboard */,
				A13467F1204743380087EA76 /* Info.plist */,
				A1D40CC3204EE88A00AD484D /* UIViewExtension.swift */,
				A10DC3192053F9A800270663 /* ConversationsListViewController.swift */,
				D2B616BB12F98813BDFC418B /* ConversationViewController.swift */,
				A10DC3202054128200270663 /* ConversationTableViewCell.swift */,
				D2B6111942A001B64A2339B5 /* Conversation.swift */,
				D2B61449E4AFB242B643923E /* DateUtils.swift */,
			);
			path = fintech;
			sourceTree = "<group>";
		};
/* End PBXGroup section */

/* Begin PBXNativeTarget section */
		A13467E1204743380087EA76 /* fintech */ = {
			isa = PBXNativeTarget;
			buildConfigurationList = A13467F4204743380087EA76 /* Build configuration list for PBXNativeTarget "fintech" */;
			buildPhases = (
				A13467DE204743380087EA76 /* Sources */,
				A13467DF204743380087EA76 /* Frameworks */,
				A13467E0204743380087EA76 /* Resources */,
			);
			buildRules = (
			);
			dependencies = (
			);
			name = fintech;
			productName = fintech;
			productReference = A13467E2204743380087EA76 /* fintech.app */;
			productType = "com.apple.product-type.application";
		};
/* End PBXNativeTarget section */

/* Begin PBXProject section */
		A13467DA204743380087EA76 /* Project object */ = {
			isa = PBXProject;
			attributes = {
				LastSwiftUpdateCheck = 0920;
				LastUpgradeCheck = 0920;
				ORGANIZATIONNAME = MaximPestryakov;
				TargetAttributes = {
					A13467E1204743380087EA76 = {
						CreatedOnToolsVersion = 9.2;
						ProvisioningStyle = Automatic;
					};
				};
			};
			buildConfigurationList = A13467DD204743380087EA76 /* Build configuration list for PBXProject "fintech" */;
			compatibilityVersion = "Xcode 8.0";
			developmentRegion = en;
			hasScannedForEncodings = 0;
			knownRegions = (
				en,
				Base,
			);
			mainGroup = A13467D9204743380087EA76;
			productRefGroup = A13467E3204743380087EA76 /* Products */;
			projectDirPath = "";
			projectRoot = "";
			targets = (
				A13467E1204743380087EA76 /* fintech */,
			);
		};
/* End PBXProject section */

/* Begin PBXResourcesBuildPhase section */
		A13467E0204743380087EA76 /* Resources */ = {
			isa = PBXResourcesBuildPhase;
			buildActionMask = 2147483647;
			files = (
				A13467F0204743380087EA76 /* LaunchScreen.storyboard in Resources */,
				A13467ED204743380087EA76 /* Assets.xcassets in Resources */,
				A13467EB204743380087EA76 /* Main.storyboard in Resources */,
			);
			runOnlyForDeploymentPostprocessing = 0;
		};
/* End PBXResourcesBuildPhase section */

/* Begin PBXSourcesBuildPhase section */
		A13467DE204743380087EA76 /* Sources */ = {
			isa = PBXSourcesBuildPhase;
			buildActionMask = 2147483647;
			files = (
				A1D40CC4204EE88A00AD484D /* UIViewExtension.swift in Sources */,
				A10DC31A2053F9A800270663 /* ConversationsListViewController.swift in Sources */,
				A10DC3212054128200270663 /* ConversationTableViewCell.swift in Sources */,
				A13467E8204743380087EA76 /* ProfileViewController.swift in Sources */,
				A13467E6204743380087EA76 /* AppDelegate.swift in Sources */,
				D2B615D5C914451E261E2A15 /* ConversationViewController.swift in Sources */,
				D2B61A443A7F2A78877332F0 /* Conversation.swift in Sources */,
				D2B6163078D1E9F3D96DEFBB /* DateUtils.swift in Sources */,
			);
			runOnlyForDeploymentPostprocessing = 0;
		};
/* End PBXSourcesBuildPhase section */

/* Begin PBXVariantGroup section */
		A13467E9204743380087EA76 /* Main.storyboard */ = {
			isa = PBXVariantGroup;
			children = (
				A13467EA204743380087EA76 /* Base */,
			);
			name = Main.storyboard;
			sourceTree = "<group>";
		};
		A13467EE204743380087EA76 /* LaunchScreen.storyboard */ = {
			isa = PBXVariantGroup;
			children = (
				A13467EF204743380087EA76 /* Base */,
			);
			name = LaunchScreen.storyboard;
			sourceTree = "<group>";
		};
/* End PBXVariantGroup section */

/* Begin XCBuildConfiguration section */
		A13467F2204743380087EA76 /* Debug */ = {
			isa = XCBuildConfiguration;
			buildSettings = {
				ALWAYS_SEARCH_USER_PATHS = NO;
				CLANG_ANALYZER_NONNULL = YES;
				CLANG_ANALYZER_NUMBER_OBJECT_CONVERSION = YES_AGGRESSIVE;
				CLANG_CXX_LANGUAGE_STANDARD = "gnu++14";
				CLANG_CXX_LIBRARY = "libc++";
				CLANG_ENABLE_MODULES = YES;
				CLANG_ENABLE_OBJC_ARC = YES;
				CLANG_WARN_BLOCK_CAPTURE_AUTORELEASING = YES;
				CLANG_WARN_BOOL_CONVERSION = YES;
				CLANG_WARN_COMMA = YES;
				CLANG_WARN_CONSTANT_CONVERSION = YES;
				CLANG_WARN_DIRECT_OBJC_ISA_USAGE = YES_ERROR;
				CLANG_WARN_DOCUMENTATION_COMMENTS = YES;
				CLANG_WARN_EMPTY_BODY = YES;
				CLANG_WARN_ENUM_CONVERSION = YES;
				CLANG_WARN_INFINITE_RECURSION = YES;
				CLANG_WARN_INT_CONVERSION = YES;
				CLANG_WARN_NON_LITERAL_NULL_CONVERSION = YES;
				CLANG_WARN_OBJC_LITERAL_CONVERSION = YES;
				CLANG_WARN_OBJC_ROOT_CLASS = YES_ERROR;
				CLANG_WARN_RANGE_LOOP_ANALYSIS = YES;
				CLANG_WARN_STRICT_PROTOTYPES = YES;
				CLANG_WARN_SUSPICIOUS_MOVE = YES;
				CLANG_WARN_UNGUARDED_AVAILABILITY = YES_AGGRESSIVE;
				CLANG_WARN_UNREACHABLE_CODE = YES;
				CLANG_WARN__DUPLICATE_METHOD_MATCH = YES;
				CODE_SIGN_IDENTITY = "iPhone Developer";
				COPY_PHASE_STRIP = NO;
				DEBUG_INFORMATION_FORMAT = dwarf;
				ENABLE_STRICT_OBJC_MSGSEND = YES;
				ENABLE_TESTABILITY = YES;
				GCC_C_LANGUAGE_STANDARD = gnu11;
				GCC_DYNAMIC_NO_PIC = NO;
				GCC_NO_COMMON_BLOCKS = YES;
				GCC_OPTIMIZATION_LEVEL = 0;
				GCC_PREPROCESSOR_DEFINITIONS = (
					"DEBUG=1",
					"$(inherited)",
				);
				GCC_WARN_64_TO_32_BIT_CONVERSION = YES;
				GCC_WARN_ABOUT_RETURN_TYPE = YES_ERROR;
				GCC_WARN_UNDECLARED_SELECTOR = YES;
				GCC_WARN_UNINITIALIZED_AUTOS = YES_AGGRESSIVE;
				GCC_WARN_UNUSED_FUNCTION = YES;
				GCC_WARN_UNUSED_VARIABLE = YES;
				IPHONEOS_DEPLOYMENT_TARGET = 11.2;
				MTL_ENABLE_DEBUG_INFO = YES;
				ONLY_ACTIVE_ARCH = YES;
				SDKROOT = iphoneos;
				SWIFT_ACTIVE_COMPILATION_CONDITIONS = DEBUG;
				SWIFT_OPTIMIZATION_LEVEL = "-Onone";
			};
			name = Debug;
		};
		A13467F3204743380087EA76 /* Release */ = {
			isa = XCBuildConfiguration;
			buildSettings = {
				ALWAYS_SEARCH_USER_PATHS = NO;
				CLANG_ANALYZER_NONNULL = YES;
				CLANG_ANALYZER_NUMBER_OBJECT_CONVERSION = YES_AGGRESSIVE;
				CLANG_CXX_LANGUAGE_STANDARD = "gnu++14";
				CLANG_CXX_LIBRARY = "libc++";
				CLANG_ENABLE_MODULES = YES;
				CLANG_ENABLE_OBJC_ARC = YES;
				CLANG_WARN_BLOCK_CAPTURE_AUTORELEASING = YES;
				CLANG_WARN_BOOL_CONVERSION = YES;
				CLANG_WARN_COMMA = YES;
				CLANG_WARN_CONSTANT_CONVERSION = YES;
				CLANG_WARN_DIRECT_OBJC_ISA_USAGE = YES_ERROR;
				CLANG_WARN_DOCUMENTATION_COMMENTS = YES;
				CLANG_WARN_EMPTY_BODY = YES;
				CLANG_WARN_ENUM_CONVERSION = YES;
				CLANG_WARN_INFINITE_RECURSION = YES;
				CLANG_WARN_INT_CONVERSION = YES;
				CLANG_WARN_NON_LITERAL_NULL_CONVERSION = YES;
				CLANG_WARN_OBJC_LITERAL_CONVERSION = YES;
				CLANG_WARN_OBJC_ROOT_CLASS = YES_ERROR;
				CLANG_WARN_RANGE_LOOP_ANALYSIS = YES;
				CLANG_WARN_STRICT_PROTOTYPES = YES;
				CLANG_WARN_SUSPICIOUS_MOVE = YES;
				CLANG_WARN_UNGUARDED_AVAILABILITY = YES_AGGRESSIVE;
				CLANG_WARN_UNREACHABLE_CODE = YES;
				CLANG_WARN__DUPLICATE_METHOD_MATCH = YES;
				CODE_SIGN_IDENTITY = "iPhone Developer";
				COPY_PHASE_STRIP = NO;
				DEBUG_INFORMATION_FORMAT = "dwarf-with-dsym";
				ENABLE_NS_ASSERTIONS = NO;
				ENABLE_STRICT_OBJC_MSGSEND = YES;
				GCC_C_LANGUAGE_STANDARD = gnu11;
				GCC_NO_COMMON_BLOCKS = YES;
				GCC_WARN_64_TO_32_BIT_CONVERSION = YES;
				GCC_WARN_ABOUT_RETURN_TYPE = YES_ERROR;
				GCC_WARN_UNDECLARED_SELECTOR = YES;
				GCC_WARN_UNINITIALIZED_AUTOS = YES_AGGRESSIVE;
				GCC_WARN_UNUSED_FUNCTION = YES;
				GCC_WARN_UNUSED_VARIABLE = YES;
				IPHONEOS_DEPLOYMENT_TARGET = 11.2;
				MTL_ENABLE_DEBUG_INFO = NO;
				SDKROOT = iphoneos;
				SWIFT_OPTIMIZATION_LEVEL = "-Owholemodule";
				VALIDATE_PRODUCT = YES;
			};
			name = Release;
		};
		A13467F5204743380087EA76 /* Debug */ = {
			isa = XCBuildConfiguration;
			buildSettings = {
				ASSETCATALOG_COMPILER_APPICON_NAME = AppIcon;
				CODE_SIGN_STYLE = Automatic;
				DEVELOPMENT_TEAM = T4YH4CMTPC;
				INFOPLIST_FILE = fintech/Info.plist;
				LD_RUNPATH_SEARCH_PATHS = "$(inherited) @executable_path/Frameworks";
				PRODUCT_BUNDLE_IDENTIFIER = io.github.maximpestryakov.fintech;
				PRODUCT_NAME = "$(TARGET_NAME)";
				SWIFT_VERSION = 4.0;
				TARGETED_DEVICE_FAMILY = "1,2";
			};
			name = Debug;
		};
		A13467F6204743380087EA76 /* Release */ = {
			isa = XCBuildConfiguration;
			buildSettings = {
				ASSETCATALOG_COMPILER_APPICON_NAME = AppIcon;
				CODE_SIGN_STYLE = Automatic;
				DEVELOPMENT_TEAM = T4YH4CMTPC;
				INFOPLIST_FILE = fintech/Info.plist;
				LD_RUNPATH_SEARCH_PATHS = "$(inherited) @executable_path/Frameworks";
				PRODUCT_BUNDLE_IDENTIFIER = io.github.maximpestryakov.fintech;
				PRODUCT_NAME = "$(TARGET_NAME)";
				SWIFT_VERSION = 4.0;
				TARGETED_DEVICE_FAMILY = "1,2";
			};
			name = Release;
		};
/* End XCBuildConfiguration section */

/* Begin XCConfigurationList section */
		A13467DD204743380087EA76 /* Build configuration list for PBXProject "fintech" */ = {
			isa = XCConfigurationList;
			buildConfigurations = (
				A13467F2204743380087EA76 /* Debug */,
				A13467F3204743380087EA76 /* Release */,
			);
			defaultConfigurationIsVisible = 0;
			defaultConfigurationName = Release;
		};
		A13467F4204743380087EA76 /* Build configuration list for PBXNativeTarget "fintech" */ = {
			isa = XCConfigurationList;
			buildConfigurations = (
				A13467F5204743380087EA76 /* Debug */,
				A13467F6204743380087EA76 /* Release */,
			);
			defaultConfigurationIsVisible = 0;
			defaultConfigurationName = Release;
		};
/* End XCConfigurationList section */
	};
	rootObject = A13467DA204743380087EA76 /* Project object */;
}
